lockfileVersion: '9.0'

settings:
  autoInstallPeers: true
  excludeLinksFromLockfile: false

importers:

  .:
    dependencies:
      tslib:
        specifier: '>=2'
        version: 2.8.1
    devDependencies:
      '@bluelovers/tsconfig':
        specifier: ^1.0.35
        version: 1.0.35
      '@types/node':
        specifier: ^25.5.0
        version: 25.5.0
      '@yarn-tool/require-resolve':
        specifier: ^4.0.6
        version: 4.0.6(ts-toolbelt@9.6.0)
      '@yarn-tool/ws-find-up-paths':
        specifier: ^1.0.19
        version: 1.0.19(ts-toolbelt@9.6.0)
      sort-object-keys2:
        specifier: ^3.0.8
        version: 3.0.8

  packages/tsconfig:
    dependencies:
      tslib:
        specifier: '*'
        version: 2.8.1

packages:

  '@bluelovers/tsconfig@1.0.35':
    resolution: {integrity: sha512-KjH71atoZsWso44tMLlZTRdwR9NGz6YQhmmcL6q5AbxZDxWyQNvq5DS9PLT4pB0z2Jt7+Qqc4EqkEsPwNM3gkg==}

  '@lazy-array/util-unique@1.0.7':
    resolution: {integrity: sha512-Qd3yR/Zpd+r7XvyTTjS11U2cNr5xLKttBlC2O2bMpugbxPK9vNE/Wo1zIQc59cIK9ksygCJB2PJZ2TrOjvS9Mw==}

  '@lazy-node/types-path@1.0.3':
    resolution: {integrity: sha512-5Bnl5s5jh7o14i0oa7gj+Y0fDLIlri3+KVZmv4gk0OFGuOrOEmWBBCI9ky3Syip5g/yPHZdfa+WO5BVJMUpMdw==}

  '@ts-type/package-dts@3.0.7':
    resolution: {integrity: sha512-WZN3uh9iAQus1TMleV9I98n4r+vkqVftrlJY/zAMV9eWF9qgtdTLIrmN4RzDyDJVTX8vK7ilSQ0HsL9dSISbzA==}

  '@types/node@25.5.0':
    resolution: {integrity: sha512-jp2P3tQMSxWugkCUKLRPVUpGaL5MVFwF8RDuSRztfwgN1wmqJeMSbKlnEtQqU8UrhTmzEmZdu2I6v2dpp7XIxw==}

  '@types/semver@7.7.1':
    resolution: {integrity: sha512-FmgJfu+MOcQ370SD0ev7EI8TlCAfKYU+B4m5T3yXc1CiRN94g/SZPtsCkk506aUDtlMnFZvasDwHHUcZUEaYuA==}

  '@yarn-tool/find-root@2.0.21':
    resolution: {integrity: sha512-yRicqv6aKtmJaIPlx2U0zq/+IjuPfrF73Chx2QzCqKysukWLKi5KJQrIXrircqX9xYzHbZoSuaBnFX7RsLTDmQ==}

  '@yarn-tool/fnm-detect@1.0.5':
    resolution: {integrity: sha512-pdfJqHJ1ByTRgliaMVcdAB6Lh37OI17N60+lY2jCdvJ7gbIC4dfBUctIKyJQIYlIfmRgSFpzMit5Jz4RdoD0Hw==}

  '@yarn-tool/get-global-dirs@1.0.4':
    resolution: {integrity: sha512-JSj7dAYAqbAJum7/OgE5qmYsBeXuI/Mu5+LJ5l42k0+4Q9Yab7Sc85hxGu/DHJGIiHyNbdwzef01CFTRbu4n7g==}

  '@yarn-tool/get-paths-by-type@2.0.16':
    resolution: {integrity: sha512-T5f4Af0wu0TYLbCAVUjlHVU1OR21PAhJtTfPEApgqc9HoUsvb1uc3JlBx0FVxTsp16eU2fSYnb2FRgEHM7bUSg==}

  '@yarn-tool/require-resolve@4.0.6':
    resolution: {integrity: sha512-6e584FNf0NVvI+2lthZWoSHq76AmrvEWCE7Sa2GixAth9BuGRG96v/pGEweJnlvjGqy5OMjOGDInZhoxw5+CMQ==}

  '@yarn-tool/ws-find-up-paths@1.0.19':
    resolution: {integrity: sha512-do0XHGNJYhary5FE5DqwOPGifcK3wSPQ91PAqixhV8CjGUMn0BE0Fhkbou+xoS5HyJVk8d/k332aH3LE2/7/6g==}

  braces@3.0.3:
    resolution: {integrity: sha512-yQbXgO/OSZVD2IsiLlro+7Hf6Q18EJrKSEsdoMzKePKXct3gvD8oLcOQdIzGupr5Fj+EDe8gO/lxc1BzfMpxvA==}
    engines: {node: '>=8'}

  err-code@3.0.1:
    resolution: {integrity: sha512-GiaH0KJUewYok+eeY05IIgjtAe4Yltygk9Wqp1V5yVWLdhf0hYZchRjNIT9bb0mSwRcIusT3cx7PJUf3zEIfUA==}

  fill-range@7.1.1:
    resolution: {integrity: sha512-YsGpe3WHLK8ZYi4tWDg2Jy3ebRz2rXowDxnld4bkQB00cc/1Zw9AWnC0i9ztDJitivtQvaI9KaLyKrc+hBW0yg==}
    engines: {node: '>=8'}

  find-up-paths@1.0.20:
    resolution: {integrity: sha512-zTuta8Xfr4b5tFwUjhlNV0D4eft4xryf+kjuXkbvRrnO7BWqiZdz0jXIX64ANhq5d1rhNJs6i0qzVkM5DoLZtw==}

  find-up@5.0.0:
    resolution: {integrity: sha512-78/PXT1wlLLDgTzDs7sjq9hzz0vXD+zn+7wypEe4fXQxCmdmqfGsEPQxmiCSQI3ajFV91bVSsvNtrJRiW6nGng==}
    engines: {node: '>=10'}

  find-yarn-workspace-root2@1.2.53:
    resolution: {integrity: sha512-0P66/qSVapUMgxLt0BwnKQ2VEg7uR/PIX82y/YuKOf8oHK437uq3OcMUdB4NGDJrCZ2is6jME0yZcV9nAM0RoQ==}

  fs-extra@11.3.4:
    resolution: {integrity: sha512-CTXd6rk/M3/ULNQj8FBqBWHYBVYybQ3VPBw0xGKFe3tuH7ytT6ACnvzpIQ3UZtB8yvUKC2cXn1a+x+5EVQLovA==}
    engines: {node: '>=14.14'}

  fs-stat@1.0.29:
    resolution: {integrity: sha512-o5UR4iPSeP3yHv5W+me1yFZdNe0Z9xfI4lJOwL8eB3/EnHD5HqHUqRbtaAW/yggQHXX4RC7D8i/pW7UWEU3JMw==}

  graceful-fs@4.2.11:
    resolution: {integrity: sha512-RbJ5/jmFcNNCcDV5o9eTnBLJ/HszWV0P73bc+Ff4nS/rJj+YaS6IGyiOL0VoBYX+l1Wrl3k63h/KrH+nhJ0XvQ==}

  ini@6.0.0:
    resolution: {integrity: sha512-IBTdIkzZNOpqm7q3dRqJvMaldXjDHWkEDfrwGEQTs5eaQMWV+djAhR+wahyNNMAa+qpbDUhBMVt4ZKNwpPm7xQ==}
    engines: {node: ^20.17.0 || >=22.9.0}

  is-number@7.0.0:
    resolution: {integrity: sha512-41Cifkg6e8TylSpdtTpeLVMqvSBEVzTttHvERD741+pnZ8ANv0004MRL43QKPDlK9cGvNp6NZWZUBlbGXYxxng==}
    engines: {node: '>=0.12.0'}

  jsonfile@6.2.0:
    resolution: {integrity: sha512-FGuPw30AdOIUTRMC2OMRtQV+jkVj2cfPqSeWXv1NEAJ1qZ5zb1X6z1mFhbfOB/iy3ssJCD+3KuZ8r8C3uVFlAg==}

  locate-path@6.0.0:
    resolution: {integrity: sha512-iPZK6eYjbxRu3uB4/WZ3EsEIMJFMqAoopl3R+zuq0UjcAm/MO6KCweDgPfP3elTztoKP3KtnVHxTn2NHBSDVUw==}
    engines: {node: '>=10'}

  micromatch@4.0.8:
    resolution: {integrity: sha512-PXwfBhYu0hBCPw8Dn0E+WDYb7af3dSLVWKi3HGv84IdF4TyFoC0ysxFd0Goxw7nSv4T/PzEJQxsYsEiFCKo2BA==}
    engines: {node: '>=8.6'}

  p-limit@3.1.0:
    resolution: {integrity: sha512-TYOanM3wGwNGsZN2cVTYPArw454xnXj5qmWF1bEoAc4+cU/ol7GVh7odevjp1FNHduHc3KZMcFduxU5Xc6uJRQ==}
    engines: {node: '>=10'}

  p-locate@5.0.0:
    resolution: {integrity: sha512-LaNjtRWUBY++zB5nE/NwcaoMylSPk+S+ZHNB1TzdbMJMny6dynpAGt7X/tl/QYq3TIeE6nxHppbo2LGymrG5Pw==}
    engines: {node: '>=10'}

  path-exists@4.0.0:
    resolution: {integrity: sha512-ak9Qy5Q7jYb2Wwcey5Fpvg2KoAc/ZIhLSLOSBmRmygPsGwkVVt0fZa0qrtMz+m6tJTAHfZQ8FnmB4MG4LWy7/w==}
    engines: {node: '>=8'}

  path-is-network-drive@1.0.24:
    resolution: {integrity: sha512-sux7NWiMq/ul8EEQTQbdM1m/zr+Rrq11/P9tEBgxMgTnVHS8f54tQm0kfrTxkvPNg/OVkRjHNgSia5VxnawOZg==}

  path-is-same@1.0.29:
    resolution: {integrity: sha512-9YQfgkPIbiEC24XhFjILOp2BvqXMFfgu5up9MdHNUQFnPVG31BzTiPv4O8bv4DCnpPg8pHXVpPkfopnAcvHoFw==}

  path-parents@1.0.36:
    resolution: {integrity: sha512-i3vJxaSsfsd9D8FTjs5TepXEhNYcKp/FxBhCx5UeiEJzwLlPVPZ/Ie7qzcRNuvSfX5CJ+2W9QVbyJDgUIbAFHA==}

  path-strip-sep@1.0.21:
    resolution: {integrity: sha512-V5Lvyhx0fE6/wEk/YseTtoRQIaD32cepnzrQ1b3kOzOxxDoSglry8IZ1b6LPObIeIbpC0+i9ygUsBNhkOttQKw==}

  picomatch@2.3.1:
    resolution: {integrity: sha512-JU3teHTNjmE2VCGFzuY8EXzCDVwEqB2a8fsIvwaStHhAWJEeVd1o1QD80CU6+ZdEXXSLbSsuLwJjkCBWqRQUVA==}
    engines: {node: '>=8.6'}

  pkg-dir@5.0.0:
    resolution: {integrity: sha512-NPE8TDbzl/3YQYY7CSS228s3g2ollTFnc+Qi3tqmqJp9Vg2ovUpixcJEo2HJScN2Ez+kEaal6y70c0ehqJBJeA==}
    engines: {node: '>=10'}

  sort-object-keys2@3.0.8:
    resolution: {integrity: sha512-48gnNhe7RvUc6PNFI3IHfAxoqWzSCqmOat2VlTYnvf6QZU7hmiOa4FTnDt9wmq9NiWtLSla+0P2r0LHC8N213A==}

  to-regex-range@5.0.1:
    resolution: {integrity: sha512-65P7iz6X5yEr1cwcgvQxbbIw7Uk3gOy5dIdtZ4rDveLqhrdJP+Li/Hx6tyK0NEb+2GCyneCMJiGqrADCSNk8sQ==}
    engines: {node: '>=8.0'}

  ts-toolbelt@9.6.0:
    resolution: {integrity: sha512-nsZd8ZeNUzukXPlJmTBwUAuABDe/9qtVDelJeT/qW0ow3ZS3BsQJtNkan1802aM9Uf68/Y8ljw86Hu0h5IUW3w==}

  ts-type@3.0.10:
    resolution: {integrity: sha512-L6r2sL6PjBrXcYd1cvSznkgheqWHCUURLGHP2Kwnd6HABwkcds3N72eKbNcvZPawBlPgs3UDCz3v6P6kkOAYWA==}
    peerDependencies:
      ts-toolbelt: ^9.6.0

  tslib@2.8.1:
    resolution: {integrity: sha512-oJFu94HQb+KVduSUQL7wnpmqnfmLsOA/nAh6b6EH0wCEoK0/mPeXU6c3wKDV83MkOuHPRHtSXKKU99IBazS/2w==}

  typedarray-dts@1.0.0:
    resolution: {integrity: sha512-Ka0DBegjuV9IPYFT1h0Qqk5U4pccebNIJCGl8C5uU7xtOs+jpJvKGAY4fHGK25hTmXZOEUl9Cnsg5cS6K/b5DA==}

  undici-types@7.18.2:
    resolution: {integrity: sha512-AsuCzffGHJybSaRrmr5eHr81mwJU3kjw6M+uprWvCXiNeN9SOGwQ3Jn8jb8m3Z6izVgknn1R0FTCEAP2QrLY/w==}

  universalify@2.0.1:
    resolution: {integrity: sha512-gptHNQghINnc/vTGIk0SOFGFNXw7JVrlRUtConJRlvaw6DuX0wO5Jeko9sWrMBhh+PsYAZ7oXAiOnf/UKogyiw==}
    engines: {node: '>= 10.0.0'}

  upath2@3.1.23:
    resolution: {integrity: sha512-HQ7CivlKonWnq7m7VZuZHIDXXUCHOoCoIqgVyCk/z/wsuB/agGwGFhFjGSTArGlvBddiejrW4ChW6SwEMhAURQ==}

  yocto-queue@0.1.0:
    resolution: {integrity: sha512-rVksvsnNCdJ/ohGc6xgPwyN8eheCxsiLM8mxuE/t/mOVqJewPuO1miLpTHQiRgTKCLexL4MeAFVagts7HmNZ2Q==}
    engines: {node: '>=10'}

snapshots:

  '@bluelovers/tsconfig@1.0.35':
    dependencies:
      tslib: 2.8.1

  '@lazy-array/util-unique@1.0.7': {}

  '@lazy-node/types-path@1.0.3(ts-toolbelt@9.6.0)':
    dependencies:
      '@types/node': 25.5.0
      ts-type: 3.0.10(ts-toolbelt@9.6.0)
      tslib: 2.8.1
    transitivePeerDependencies:
      - ts-toolbelt

  '@ts-type/package-dts@3.0.7(ts-toolbelt@9.6.0)':
    dependencies:
      '@types/semver': 7.7.1
      ts-type: 3.0.10(ts-toolbelt@9.6.0)
    transitivePeerDependencies:
      - ts-toolbelt

  '@types/node@25.5.0':
    dependencies:
      undici-types: 7.18.2

  '@types/semver@7.7.1': {}

  '@yarn-tool/find-root@2.0.21(ts-toolbelt@9.6.0)':
    dependencies:
      '@ts-type/package-dts': 3.0.7(ts-toolbelt@9.6.0)
      err-code: 3.0.1
      find-yarn-workspace-root2: 1.2.53(ts-toolbelt@9.6.0)
      path-is-same: 1.0.29(ts-toolbelt@9.6.0)
      pkg-dir: 5.0.0
      tslib: 2.8.1
      upath2: 3.1.23(ts-toolbelt@9.6.0)
    transitivePeerDependencies:
      - ts-toolbelt

  '@yarn-tool/fnm-detect@1.0.5(ts-toolbelt@9.6.0)':
    dependencies:
      fs-extra: 11.3.4
      sort-object-keys2: 3.0.8
      ts-type: 3.0.10(ts-toolbelt@9.6.0)
      tslib: 2.8.1
      upath2: 3.1.23(ts-toolbelt@9.6.0)
    transitivePeerDependencies:
      - ts-toolbelt

  '@yarn-tool/get-global-dirs@1.0.4':
    dependencies:
      ini: 6.0.0
      tslib: 2.8.1

  '@yarn-tool/get-paths-by-type@2.0.16(ts-toolbelt@9.6.0)':
    dependencies:
      '@yarn-tool/fnm-detect': 1.0.5(ts-toolbelt@9.6.0)
      '@yarn-tool/get-global-dirs': 1.0.4
      tslib: 2.8.1
    transitivePeerDependencies:
      - ts-toolbelt

  '@yarn-tool/require-resolve@4.0.6(ts-toolbelt@9.6.0)':
    dependencies:
      '@ts-type/package-dts': 3.0.7(ts-toolbelt@9.6.0)
      '@yarn-tool/get-paths-by-type': 2.0.16(ts-toolbelt@9.6.0)
      pkg-dir: 5.0.0
      tslib: 2.8.1
      upath2: 3.1.23(ts-toolbelt@9.6.0)
    transitivePeerDependencies:
      - ts-toolbelt

  '@yarn-tool/ws-find-up-paths@1.0.19(ts-toolbelt@9.6.0)':
    dependencies:
      '@yarn-tool/find-root': 2.0.21(ts-toolbelt@9.6.0)
      find-up-paths: 1.0.20(ts-toolbelt@9.6.0)
      path-parents: 1.0.36(ts-toolbelt@9.6.0)
      tslib: 2.8.1
    transitivePeerDependencies:
      - ts-toolbelt

  braces@3.0.3:
    dependencies:
      fill-range: 7.1.1

  err-code@3.0.1: {}

  fill-range@7.1.1:
    dependencies:
      to-regex-range: 5.0.1

  find-up-paths@1.0.20(ts-toolbelt@9.6.0):
    dependencies:
      fs-extra: 11.3.4
      fs-stat: 1.0.29
      path-parents: 1.0.36(ts-toolbelt@9.6.0)
      tslib: 2.8.1
    transitivePeerDependencies:
      - ts-toolbelt

  find-up@5.0.0:
    dependencies:
      locate-path: 6.0.0
      path-exists: 4.0.0

  find-yarn-workspace-root2@1.2.53(ts-toolbelt@9.6.0):
    dependencies:
      micromatch: 4.0.8
      pkg-dir: 5.0.0
      tslib: 2.8.1
      upath2: 3.1.23(ts-toolbelt@9.6.0)
    transitivePeerDependencies:
      - ts-toolbelt

  fs-extra@11.3.4:
    dependencies:
      graceful-fs: 4.2.11
      jsonfile: 6.2.0
      universalify: 2.0.1

  fs-stat@1.0.29:
    dependencies:
      tslib: 2.8.1

  graceful-fs@4.2.11: {}

  ini@6.0.0: {}

  is-number@7.0.0: {}

  jsonfile@6.2.0:
    dependencies:
      universalify: 2.0.1
    optionalDependencies:
      graceful-fs: 4.2.11

  locate-path@6.0.0:
    dependencies:
      p-locate: 5.0.0

  micromatch@4.0.8:
    dependencies:
      braces: 3.0.3
      picomatch: 2.3.1

  p-limit@3.1.0:
    dependencies:
      yocto-queue: 0.1.0

  p-locate@5.0.0:
    dependencies:
      p-limit: 3.1.0

  path-exists@4.0.0: {}

  path-is-network-drive@1.0.24:
    dependencies:
      tslib: 2.8.1

  path-is-same@1.0.29(ts-toolbelt@9.6.0):
    dependencies:
      tslib: 2.8.1
      upath2: 3.1.23(ts-toolbelt@9.6.0)
    transitivePeerDependencies:
      - ts-toolbelt

  path-parents@1.0.36(ts-toolbelt@9.6.0):
    dependencies:
      path-is-same: 1.0.29(ts-toolbelt@9.6.0)
      tslib: 2.8.1
      upath2: 3.1.23(ts-toolbelt@9.6.0)
    transitivePeerDependencies:
      - ts-toolbelt

  path-strip-sep@1.0.21:
    dependencies:
      tslib: 2.8.1

  picomatch@2.3.1: {}

  pkg-dir@5.0.0:
    dependencies:
      find-up: 5.0.0

  sort-object-keys2@3.0.8:
    dependencies:
      '@lazy-array/util-unique': 1.0.7

  to-regex-range@5.0.1:
    dependencies:
      is-number: 7.0.0

  ts-toolbelt@9.6.0: {}

  ts-type@3.0.10(ts-toolbelt@9.6.0):
    dependencies:
      '@types/node': 25.5.0
      ts-toolbelt: 9.6.0
      tslib: 2.8.1
      typedarray-dts: 1.0.0

  tslib@2.8.1: {}

  typedarray-dts@1.0.0: {}

  undici-types@7.18.2: {}

  universalify@2.0.1: {}

  upath2@3.1.23(ts-toolbelt@9.6.0):
    dependencies:
      '@lazy-node/types-path': 1.0.3(ts-toolbelt@9.6.0)
      '@types/node': 25.5.0
      path-is-network-drive: 1.0.24
      path-strip-sep: 1.0.21
      tslib: 2.8.1
    transitivePeerDependencies:
      - ts-toolbelt

  yocto-queue@0.1.0: {}
